
Microsoft Visual Studio Solution File, Format Version 12.00
# Visual Studio Version 16
VisualStudioVersion = 16.0.33027.164
MinimumVisualStudioVersion = 10.0.40219.1
Project("{FAE04EC0-301F-11D3-BF4B-00C04F79EFBC}") = "MessageBoxWithTimer", "MessageBoxWithTimer\MessageBoxWithTimer.csproj", "{2FCA2A5F-04B0-425B-901D-59587138C2F1}"
EndProject
Global
	GlobalSection(SolutionConfigurationPlatforms) = preSolution
		Debug|Any CPU = Debug|Any CPU
		Release|Any CPU = Release|Any CPU
	EndGlobalSection
	GlobalSection(ProjectConfigurationPlatforms) = postSolution
		{2FCA2A5F-04B0-425B-901D-59587138C2F1}.Debug|Any CPU.ActiveCfg = Debug|Any CPU
		{2FCA2A5F-04B0-425B-901D-59587138C2F1}.Debug|Any CPU.Build.0 = Debug|Any CPU
		{2FCA2A5F-04B0-425B-901D-59587138C2F1}.Release|Any CPU.ActiveCfg = Release|Any CPU
		{2FCA2A5F-04B0-425B-901D-59587138C2F1}.Release|Any CPU.Build.0 = Release|Any CPU
	EndGlobalSection
	GlobalSection(SolutionProperties) = preSolution
		HideSolutionNode = FALSE
	EndGlobalSection
	GlobalSection(ExtensibilityGlobals) = postSolution
		SolutionGuid = {953D8DE9-47B9-49F0-8114-396A179ED02A}
	EndGlobalSection
EndGlobal
